
Microsoft Visual Studio Solution File, Format Version 12.00
# Visual Studio Version 17
VisualStudioVersion = 17.0.31919.166
MinimumVisualStudioVersion = 10.0.40219.1
Project("{FAE04EC0-301F-11D3-BF4B-00C04F79EFBC}") = "WpfApp_pratice", "WpfApp_pratice\WpfApp_pratice.csproj", "{0B01C11B-8767-44EC-819A-083EC4527F97}"
EndProject
Global
	GlobalSection(SolutionConfigurationPlatforms) = preSolution
		Debug|Any CPU = Debug|Any CPU
		Release|Any CPU = Release|Any CPU
	EndGlobalSection
	GlobalSection(ProjectConfigurationPlatforms) = postSolution
		{0B01C11B-8767-44EC-819A-083EC4527F97}.Debug|Any CPU.ActiveCfg = Debug|Any CPU
		{0B01C11B-8767-44EC-819A-083EC4527F97}.Debug|Any CPU.Build.0 = Debug|Any CPU
		{0B01C11B-8767-44EC-819A-083EC4527F97}.Release|Any CPU.ActiveCfg = Release|Any CPU
		{0B01C11B-8767-44EC-819A-083EC4527F97}.Release|Any CPU.Build.0 = Release|Any CPU
	EndGlobalSection
	GlobalSection(SolutionProperties) = preSolution
		HideSolutionNode = FALSE
	EndGlobalSection
	GlobalSection(ExtensibilityGlobals) = postSolution
		SolutionGuid = {A5860855-B5D8-43BD-AA72-5C59A8F78D9A}
	EndGlobalSection
EndGlobal
